
Microsoft Visual Studio Solution File, Format Version 12.00
Project("{FAE04EC0-301F-11D3-BF4B-00C04F79EFBC}") = "Intervals.NET", "src\Intervals.NET\Intervals.NET.csproj", "{A2F7DF66-08BE-438A-A354-C09499B8B8B7}"
EndProject
Project("{2150E333-8FDC-42A3-9474-1A3956D46DE8}") = "SolutionItems", "SolutionItems", "{5D2B78C6-39CB-44C2-9E02-57CE792FEC93}"
	ProjectSection(SolutionItems) = preProject
		README.md = README.md
		.github\workflows\ci-cd.yml = .github\workflows\ci-cd.yml
	EndProjectSection
EndProject
Project("{2150E333-8FDC-42A3-9474-1A3956D46DE8}") = "src", "src", "{EAF02F30-A5E4-4237-B402-6F946F2B2C09}"
EndProject
Project("{2150E333-8FDC-42A3-9474-1A3956D46DE8}") = "tests", "tests", "{28A5727D-3EDB-4F19-8B68-1DBD790EB8E2}"
EndProject
Project("{FAE04EC0-301F-11D3-BF4B-00C04F79EFBC}") = "Intervals.NET.Tests", "tests\Intervals.NET.Tests\Intervals.NET.Tests.csproj", "{8703AF16-1CD4-40CF-81B4-3579FDF858EF}"
EndProject
Global
	GlobalSection(SolutionConfigurationPlatforms) = preSolution
		Debug|Any CPU = Debug|Any CPU
		Release|Any CPU = Release|Any CPU
	EndGlobalSection
	GlobalSection(ProjectConfigurationPlatforms) = postSolution
		{A2F7DF66-08BE-438A-A354-C09499B8B8B7}.Debug|Any CPU.ActiveCfg = Debug|Any CPU
		{A2F7DF66-08BE-438A-A354-C09499B8B8B7}.Debug|Any CPU.Build.0 = Debug|Any CPU
		{A2F7DF66-08BE-438A-A354-C09499B8B8B7}.Release|Any CPU.ActiveCfg = Release|Any CPU
		{A2F7DF66-08BE-438A-A354-C09499B8B8B7}.Release|Any CPU.Build.0 = Release|Any CPU
		{8703AF16-1CD4-40CF-81B4-3579FDF858EF}.Debug|Any CPU.ActiveCfg = Debug|Any CPU
		{8703AF16-1CD4-40CF-81B4-3579FDF858EF}.Debug|Any CPU.Build.0 = Debug|Any CPU
		{8703AF16-1CD4-40CF-81B4-3579FDF858EF}.Release|Any CPU.ActiveCfg = Release|Any CPU
		{8703AF16-1CD4-40CF-81B4-3579FDF858EF}.Release|Any CPU.Build.0 = Release|Any CPU
	EndGlobalSection
	GlobalSection(NestedProjects) = preSolution
		{A2F7DF66-08BE-438A-A354-C09499B8B8B7} = {EAF02F30-A5E4-4237-B402-6F946F2B2C09}
		{8703AF16-1CD4-40CF-81B4-3579FDF858EF} = {28A5727D-3EDB-4F19-8B68-1DBD790EB8E2}
	EndGlobalSection
EndGlobal
